// !$*UTF8*$!
{
	archiveVersion = 1;
	classes = {
	};
	objectVersion = 56;
	objects = {

/* Begin PBXBuildFile section */
		184653CD2BFDEB7D00DC6737 /* AppetizerApp.swift in Sources */ = {isa = PBXBuildFile; fileRef = 184653CC2BFDEB7D00DC6737 /* AppetizerApp.swift */; };
		184653CF2BFDEB7D00DC6737 /* AppetizerTabView.swift in Sources */ = {isa = PBXBuildFile; fileRef = 184653CE2BFDEB7D00DC6737 /* AppetizerTabView.swift */; };
		184653D12BFDEB7F00DC6737 /* Assets.xcassets in Resources */ = {isa = PBXBuildFile; fileRef = 184653D02BFDEB7F00DC6737 /* Assets.xcassets */; };
		184653D42BFDEB7F00DC6737 /* Preview Assets.xcassets in Resources */ = {isa = PBXBuildFile; fileRef = 184653D32BFDEB7F00DC6737 /* Preview Assets.xcassets */; };
		184653DE2BFDEB8000DC6737 /* AppetizerTests.swift in Sources */ = {isa = PBXBuildFile; fileRef = 184653DD2BFDEB8000DC6737 /* AppetizerTests.swift */; };
		184653E82BFDEB8000DC6737 /* AppetizerUITests.swift in Sources */ = {isa = PBXBuildFile; fileRef = 184653E72BFDEB8000DC6737 /* AppetizerUITests.swift */; };
		184653EA2BFDEB8000DC6737 /* AppetizerUITestsLaunchTests.swift in Sources */ = {isa = PBXBuildFile; fileRef = 184653E92BFDEB8000DC6737 /* AppetizerUITestsLaunchTests.swift */; };
		184653F72BFDEF4B00DC6737 /* AppetizerListView.swift in Sources */ = {isa = PBXBuildFile; fileRef = 184653F62BFDEF4B00DC6737 /* AppetizerListView.swift */; };
		184653F92BFDEF6F00DC6737 /* AccountView.swift in Sources */ = {isa = PBXBuildFile; fileRef = 184653F82BFDEF6F00DC6737 /* AccountView.swift */; };
		184653FB2BFDF0D000DC6737 /* OrderView.swift in Sources */ = {isa = PBXBuildFile; fileRef = 184653FA2BFDF0D000DC6737 /* OrderView.swift */; };
		184653FD2BFDF72800DC6737 /* Appetizer.swift in Sources */ = {isa = PBXBuildFile; fileRef = 184653FC2BFDF72800DC6737 /* Appetizer.swift */; };
		184653FF2BFE0CFE00DC6737 /* AppetizerListCell.swift in Sources */ = {isa = PBXBuildFile; fileRef = 184653FE2BFE0CFE00DC6737 /* AppetizerListCell.swift */; };
		184654012BFED21B00DC6737 /* NetworkManager.swift in Sources */ = {isa = PBXBuildFile; fileRef = 184654002BFED21B00DC6737 /* NetworkManager.swift */; };
		184654032BFED52700DC6737 /* APError.swift in Sources */ = {isa = PBXBuildFile; fileRef = 184654022BFED52700DC6737 /* APError.swift */; };
		184654052BFEE4DD00DC6737 /* AppetizerListViewModel.swift in Sources */ = {isa = PBXBuildFile; fileRef = 184654042BFEE4DD00DC6737 /* AppetizerListViewModel.swift */; };
		184654072BFEE9F000DC6737 /* Alert.swift in Sources */ = {isa = PBXBuildFile; fileRef = 184654062BFEE9F000DC6737 /* Alert.swift */; };
		184654092BFEFE7300DC6737 /* LoadingView.swift in Sources */ = {isa = PBXBuildFile; fileRef = 184654082BFEFE7300DC6737 /* LoadingView.swift */; };
		1846540B2BFEFFDF00DC6737 /* Color+Ext.swift in Sources */ = {isa = PBXBuildFile; fileRef = 1846540A2BFEFFDF00DC6737 /* Color+Ext.swift */; };
		1846540D2BFF0DEE00DC6737 /* RemoteImage.swift in Sources */ = {isa = PBXBuildFile; fileRef = 1846540C2BFF0DEE00DC6737 /* RemoteImage.swift */; };
		1846541C2BFF390F00DC6737 /* AppetizerDetailView.swift in Sources */ = {isa = PBXBuildFile; fileRef = 1846541B2BFF390F00DC6737 /* AppetizerDetailView.swift */; };
		1846541F2BFF587C00DC6737 /* APButton.swift in Sources */ = {isa = PBXBuildFile; fileRef = 1846541E2BFF587C00DC6737 /* APButton.swift */; };
		184654212BFF597B00DC6737 /* XDismissButton.swift in Sources */ = {isa = PBXBuildFile; fileRef = 184654202BFF597B00DC6737 /* XDismissButton.swift */; };
/* End PBXBuildFile section */

/* Begin PBXContainerItemProxy section */
		184653DA2BFDEB8000DC6737 /* PBXContainerItemProxy */ = {
			isa = PBXContainerItemProxy;
			containerPortal = 184653C12BFDEB7D00DC6737 /* Project object */;
			proxyType = 1;
			remoteGlobalIDString = 184653C82BFDEB7D00DC6737;
			remoteInfo = Appetizer;
		};
		184653E42BFDEB8000DC6737 /* PBXContainerItemProxy */ = {
			isa = PBXContainerItemProxy;
			containerPortal = 184653C12BFDEB7D00DC6737 /* Project object */;
			proxyType = 1;
			remoteGlobalIDString = 184653C82BFDEB7D00DC6737;
			remoteInfo = Appetizer;
		};
/* End PBXContainerItemProxy section */

/* Begin PBXFileReference section */
		184653C92BFDEB7D00DC6737 /* Appetizer.app */ = {isa = PBXFileReference; explicitFileType = wrapper.application; includeInIndex = 0; path = Appetizer.app; sourceTree = BUILT_PRODUCTS_DIR; };
		184653CC2BFDEB7D00DC6737 /* AppetizerApp.swift */ = {isa = PBXFileReference; lastKnownFileType = sourcecode.swift; path = AppetizerApp.swift; sourceTree = "<group>"; };
		184653CE2BFDEB7D00DC6737 /* AppetizerTabView.swift */ = {isa = PBXFileReference; lastKnownFileType = sourcecode.swift; path = AppetizerTabView.swift; sourceTree = "<group>"; };
		184653D02BFDEB7F00DC6737 /* Assets.xcassets */ = {isa = PBXFileReference; lastKnownFileType = folder.assetcatalog; path = Assets.xcassets; sourceTree = "<group>"; };
		184653D32BFDEB7F00DC6737 /* Preview Assets.xcassets */ = {isa = PBXFileReference; lastKnownFileType = folder.assetcatalog; path = "Preview Assets.xcassets"; sourceTree = "<group>"; };
		184653D92BFDEB8000DC6737 /* AppetizerTests.xctest */ = {isa = PBXFileReference; explicitFileType = wrapper.cfbundle; includeInIndex = 0; path = AppetizerTests.xctest; sourceTree = BUILT_PRODUCTS_DIR; };
		184653DD2BFDEB8000DC6737 /* AppetizerTests.swift */ = {isa = PBXFileReference; lastKnownFileType = sourcecode.swift; path = AppetizerTests.swift; sourceTree = "<group>"; };
		184653E32BFDEB8000DC6737 /* AppetizerUITests.xctest */ = {isa = PBXFileReference; explicitFileType = wrapper.cfbundle; includeInIndex = 0; path = AppetizerUITests.xctest; sourceTree = BUILT_PRODUCTS_DIR; };
		184653E72BFDEB8000DC6737 /* AppetizerUITests.swift */ = {isa = PBXFileReference; lastKnownFileType = sourcecode.swift; path = AppetizerUITests.swift; sourceTree = "<group>"; };
		184653E92BFDEB8000DC6737 /* AppetizerUITestsLaunchTests.swift */ = {isa = PBXFileReference; lastKnownFileType = sourcecode.swift; path = AppetizerUITestsLaunchTests.swift; sourceTree = "<group>"; };
		184653F62BFDEF4B00DC6737 /* AppetizerListView.swift */ = {isa = PBXFileReference; lastKnownFileType = sourcecode.swift; path = AppetizerListView.swift; sourceTree = "<group>"; };
		184653F82BFDEF6F00DC6737 /* AccountView.swift */ = {isa = PBXFileReference; lastKnownFileType = sourcecode.swift; path = AccountView.swift; sourceTree = "<group>"; };
		184653FA2BFDF0D000DC6737 /* OrderView.swift */ = {isa = PBXFileReference; lastKnownFileType = sourcecode.swift; path = OrderView.swift; sourceTree = "<group>"; };
		184653FC2BFDF72800DC6737 /* Appetizer.swift */ = {isa = PBXFileReference; lastKnownFileType = sourcecode.swift; path = Appetizer.swift; sourceTree = "<group>"; };
		184653FE2BFE0CFE00DC6737 /* AppetizerListCell.swift */ = {isa = PBXFileReference; lastKnownFileType = sourcecode.swift; path = AppetizerListCell.swift; sourceTree = "<group>"; };
		184654002BFED21B00DC6737 /* NetworkManager.swift */ = {isa = PBXFileReference; lastKnownFileType = sourcecode.swift; path = NetworkManager.swift; sourceTree = "<group>"; };
		184654022BFED52700DC6737 /* APError.swift */ = {isa = PBXFileReference; lastKnownFileType = sourcecode.swift; path = APError.swift; sourceTree = "<group>"; };
		184654042BFEE4DD00DC6737 /* AppetizerListViewModel.swift */ = {isa = PBXFileReference; lastKnownFileType = sourcecode.swift; path = AppetizerListViewModel.swift; sourceTree = "<group>"; };
		184654062BFEE9F000DC6737 /* Alert.swift */ = {isa = PBXFileReference; lastKnownFileType = sourcecode.swift; path = Alert.swift; sourceTree = "<group>"; };
		184654082BFEFE7300DC6737 /* LoadingView.swift */ = {isa = PBXFileReference; lastKnownFileType = sourcecode.swift; path = LoadingView.swift; sourceTree = "<group>"; };
		1846540A2BFEFFDF00DC6737 /* Color+Ext.swift */ = {isa = PBXFileReference; lastKnownFileType = sourcecode.swift; path = "Color+Ext.swift"; sourceTree = "<group>"; };
		1846540C2BFF0DEE00DC6737 /* RemoteImage.swift */ = {isa = PBXFileReference; lastKnownFileType = sourcecode.swift; path = RemoteImage.swift; sourceTree = "<group>"; };
		1846541B2BFF390F00DC6737 /* AppetizerDetailView.swift */ = {isa = PBXFileReference; lastKnownFileType = sourcecode.swift; path = AppetizerDetailView.swift; sourceTree = "<group>"; };
		1846541E2BFF587C00DC6737 /* APButton.swift */ = {isa = PBXFileReference; lastKnownFileType = sourcecode.swift; path = APButton.swift; sourceTree = "<group>"; };
		184654202BFF597B00DC6737 /* XDismissButton.swift */ = {isa = PBXFileReference; lastKnownFileType = sourcecode.swift; path = XDismissButton.swift; sourceTree = "<group>"; };
/* End PBXFileReference section */

/* Begin PBXFrameworksBuildPhase section */
		184653C62BFDEB7D00DC6737 /* Frameworks */ = {
			isa = PBXFrameworksBuildPhase;
			buildActionMask = 2147483647;
			files = (
			);
			runOnlyForDeploymentPostprocessing = 0;
		};
		184653D62BFDEB8000DC6737 /* Frameworks */ = {
			isa = PBXFrameworksBuildPhase;
			buildActionMask = 2147483647;
			files = (
			);
			runOnlyForDeploymentPostprocessing = 0;
		};
		184653E02BFDEB8000DC6737 /* Frameworks */ = {
			isa = PBXFrameworksBuildPhase;
			buildActionMask = 2147483647;
			files = (
			);
			runOnlyForDeploymentPostprocessing = 0;
		};
/* End PBXFrameworksBuildPhase section */

/* Begin PBXGroup section */
		184653C02BFDEB7D00DC6737 = {
			isa = PBXGroup;
			children = (
				184653CB2BFDEB7D00DC6737 /* Appetizer */,
				184653DC2BFDEB8000DC6737 /* AppetizerTests */,
				184653E62BFDEB8000DC6737 /* AppetizerUITests */,
				184653CA2BFDEB7D00DC6737 /* Products */,
			);
			sourceTree = "<group>";
		};
		184653CA2BFDEB7D00DC6737 /* Products */ = {
			isa = PBXGroup;
			children = (
				184653C92BFDEB7D00DC6737 /* Appetizer.app */,
				184653D92BFDEB8000DC6737 /* AppetizerTests.xctest */,
				184653E32BFDEB8000DC6737 /* AppetizerUITests.xctest */,
			);
			name = Products;
			sourceTree = "<group>";
		};
		184653CB2BFDEB7D00DC6737 /* Appetizer */ = {
			isa = PBXGroup;
			children = (
				184654162BFF1D9100DC6737 /* Model */,
				184654122BFF1D3D00DC6737 /* Utilities */,
				184654172BFF1E0900DC6737 /* Views */,
				1846540E2BFF1CCB00DC6737 /* Screens */,
				184653CC2BFDEB7D00DC6737 /* AppetizerApp.swift */,
				184653D02BFDEB7F00DC6737 /* Assets.xcassets */,
				184653D22BFDEB7F00DC6737 /* Preview Content */,
			);
			path = Appetizer;
			sourceTree = "<group>";
		};
		184653D22BFDEB7F00DC6737 /* Preview Content */ = {
			isa = PBXGroup;
			children = (
				184653D32BFDEB7F00DC6737 /* Preview Assets.xcassets */,
			);
			path = "Preview Content";
			sourceTree = "<group>";
		};
		184653DC2BFDEB8000DC6737 /* AppetizerTests */ = {
			isa = PBXGroup;
			children = (
				184653DD2BFDEB8000DC6737 /* AppetizerTests.swift */,
			);
			path = AppetizerTests;
			sourceTree = "<group>";
		};
		184653E62BFDEB8000DC6737 /* AppetizerUITests */ = {
			isa = PBXGroup;
			children = (
				184653E72BFDEB8000DC6737 /* AppetizerUITests.swift */,
				184653E92BFDEB8000DC6737 /* AppetizerUITestsLaunchTests.swift */,
			);
			path = AppetizerUITests;
			sourceTree = "<group>";
		};
		1846540E2BFF1CCB00DC6737 /* Screens */ = {
			isa = PBXGroup;
			children = (
				184653CE2BFDEB7D00DC6737 /* AppetizerTabView.swift */,
				184654112BFF1CE800DC6737 /* AppetizerListView */,
				184654102BFF1CDF00DC6737 /* AccountView */,
				1846540F2BFF1CD600DC6737 /* OrderView */,
			);
			path = Screens;
			sourceTree = "<group>";
		};
		1846540F2BFF1CD600DC6737 /* OrderView */ = {
			isa = PBXGroup;
			children = (
				184653FA2BFDF0D000DC6737 /* OrderView.swift */,
			);
			path = OrderView;
			sourceTree = "<group>";
		};
		184654102BFF1CDF00DC6737 /* AccountView */ = {
			isa = PBXGroup;
			children = (
				184653F82BFDEF6F00DC6737 /* AccountView.swift */,
			);
			path = AccountView;
			sourceTree = "<group>";
		};
		184654112BFF1CE800DC6737 /* AppetizerListView */ = {
			isa = PBXGroup;
			children = (
				184653F62BFDEF4B00DC6737 /* AppetizerListView.swift */,
				184654042BFEE4DD00DC6737 /* AppetizerListViewModel.swift */,
				1846541B2BFF390F00DC6737 /* AppetizerDetailView.swift */,
			);
			path = AppetizerListView;
			sourceTree = "<group>";
		};
		184654122BFF1D3D00DC6737 /* Utilities */ = {
			isa = PBXGroup;
			children = (
				184654152BFF1D7100DC6737 /* Alerts */,
				184654142BFF1D6200DC6737 /* Extensions */,
				184654132BFF1D4B00DC6737 /* Managers */,
			);
			path = Utilities;
			sourceTree = "<group>";
		};
		184654132BFF1D4B00DC6737 /* Managers */ = {
			isa = PBXGroup;
			children = (
				184654002BFED21B00DC6737 /* NetworkManager.swift */,
			);
			path = Managers;
			sourceTree = "<group>";
		};
		184654142BFF1D6200DC6737 /* Extensions */ = {
			isa = PBXGroup;
			children = (
				1846540A2BFEFFDF00DC6737 /* Color+Ext.swift */,
			);
			path = Extensions;
			sourceTree = "<group>";
		};
		184654152BFF1D7100DC6737 /* Alerts */ = {
			isa = PBXGroup;
			children = (
				184654022BFED52700DC6737 /* APError.swift */,
				184654062BFEE9F000DC6737 /* Alert.swift */,
			);
			path = Alerts;
			sourceTree = "<group>";
		};
		184654162BFF1D9100DC6737 /* Model */ = {
			isa = PBXGroup;
			children = (
				184653FC2BFDF72800DC6737 /* Appetizer.swift */,
			);
			path = Model;
			sourceTree = "<group>";
		};
		184654172BFF1E0900DC6737 /* Views */ = {
			isa = PBXGroup;
			children = (
				1846541D2BFF586200DC6737 /* Button */,
				1846541A2BFF1E1E00DC6737 /* UIkit Components */,
				184654192BFF1E1700DC6737 /* Cells */,
				184654182BFF1E1100DC6737 /* Image */,
			);
			path = Views;
			sourceTree = "<group>";
		};
		184654182BFF1E1100DC6737 /* Image */ = {
			isa = PBXGroup;
			children = (
				1846540C2BFF0DEE00DC6737 /* RemoteImage.swift */,
			);
			path = Image;
			sourceTree = "<group>";
		};
		184654192BFF1E1700DC6737 /* Cells */ = {
			isa = PBXGroup;
			children = (
				184653FE2BFE0CFE00DC6737 /* AppetizerListCell.swift */,
			);
			path = Cells;
			sourceTree = "<group>";
		};
		1846541A2BFF1E1E00DC6737 /* UIkit Components */ = {
			isa = PBXGroup;
			children = (
				184654082BFEFE7300DC6737 /* LoadingView.swift */,
			);
			path = "UIkit Components";
			sourceTree = "<group>";
		};
		1846541D2BFF586200DC6737 /* Button */ = {
			isa = PBXGroup;
			children = (
				1846541E2BFF587C00DC6737 /* APButton.swift */,
				184654202BFF597B00DC6737 /* XDismissButton.swift */,
			);
			path = Button;
			sourceTree = "<group>";
		};
/* End PBXGroup section */

/* Begin PBXNativeTarget section */
		184653C82BFDEB7D00DC6737 /* Appetizer */ = {
			isa = PBXNativeTarget;
			buildConfigurationList = 184653ED2BFDEB8000DC6737 /* Build configuration list for PBXNativeTarget "Appetizer" */;
			buildPhases = (
				184653C52BFDEB7D00DC6737 /* Sources */,
				184653C62BFDEB7D00DC6737 /* Frameworks */,
				184653C72BFDEB7D00DC6737 /* Resources */,
			);
			buildRules = (
			);
			dependencies = (
			);
			name = Appetizer;
			productName = Appetizer;
			productReference = 184653C92BFDEB7D00DC6737 /* Appetizer.app */;
			productType = "com.apple.product-type.application";
		};
		184653D82BFDEB8000DC6737 /* AppetizerTests */ = {
			isa = PBXNativeTarget;
			buildConfigurationList = 184653F02BFDEB8000DC6737 /* Build configuration list for PBXNativeTarget "AppetizerTests" */;
			buildPhases = (
				184653D52BFDEB8000DC6737 /* Sources */,
				184653D62BFDEB8000DC6737 /* Frameworks */,
				184653D72BFDEB8000DC6737 /* Resources */,
			);
			buildRules = (
			);
			dependencies = (
				184653DB2BFDEB8000DC6737 /* PBXTargetDependency */,
			);
			name = AppetizerTests;
			productName = AppetizerTests;
			productReference = 184653D92BFDEB8000DC6737 /* AppetizerTests.xctest */;
			productType = "com.apple.product-type.bundle.unit-test";
		};
		184653E22BFDEB8000DC6737 /* AppetizerUITests */ = {
			isa = PBXNativeTarget;
			buildConfigurationList = 184653F32BFDEB8000DC6737 /* Build configuration list for PBXNativeTarget "AppetizerUITests" */;
			buildPhases = (
				184653DF2BFDEB8000DC6737 /* Sources */,
				184653E02BFDEB8000DC6737 /* Frameworks */,
				184653E12BFDEB8000DC6737 /* Resources */,
			);
			buildRules = (
			);
			dependencies = (
				184653E52BFDEB8000DC6737 /* PBXTargetDependency */,
			);
			name = AppetizerUITests;
			productName = AppetizerUITests;
			productReference = 184653E32BFDEB8000DC6737 /* AppetizerUITests.xctest */;
			productType = "com.apple.product-type.bundle.ui-testing";
		};
/* End PBXNativeTarget section */

/* Begin PBXProject section */
		184653C12BFDEB7D00DC6737 /* Project object */ = {
			isa = PBXProject;
			attributes = {
				BuildIndependentTargetsInParallel = 1;
				LastSwiftUpdateCheck = 1420;
				LastUpgradeCheck = 1420;
				TargetAttributes = {
					184653C82BFDEB7D00DC6737 = {
						CreatedOnToolsVersion = 14.2;
					};
					184653D82BFDEB8000DC6737 = {
						CreatedOnToolsVersion = 14.2;
						TestTargetID = 184653C82BFDEB7D00DC6737;
					};
					184653E22BFDEB8000DC6737 = {
						CreatedOnToolsVersion = 14.2;
						TestTargetID = 184653C82BFDEB7D00DC6737;
					};
				};
			};
			buildConfigurationList = 184653C42BFDEB7D00DC6737 /* Build configuration list for PBXProject "Appetizer" */;
			compatibilityVersion = "Xcode 14.0";
			developmentRegion = en;
			hasScannedForEncodings = 0;
			knownRegions = (
				en,
				Base,
			);
			mainGroup = 184653C02BFDEB7D00DC6737;
			productRefGroup = 184653CA2BFDEB7D00DC6737 /* Products */;
			projectDirPath = "";
			projectRoot = "";
			targets = (
				184653C82BFDEB7D00DC6737 /* Appetizer */,
				184653D82BFDEB8000DC6737 /* AppetizerTests */,
				184653E22BFDEB8000DC6737 /* AppetizerUITests */,
			);
		};
/* End PBXProject section */

/* Begin PBXResourcesBuildPhase section */
		184653C72BFDEB7D00DC6737 /* Resources */ = {
			isa = PBXResourcesBuildPhase;
			buildActionMask = 2147483647;
			files = (
				184653D42BFDEB7F00DC6737 /* Preview Assets.xcassets in Resources */,
				184653D12BFDEB7F00DC6737 /* Assets.xcassets in Resources */,
			);
			runOnlyForDeploymentPostprocessing = 0;
		};
		184653D72BFDEB8000DC6737 /* Resources */ = {
			isa = PBXResourcesBuildPhase;
			buildActionMask = 2147483647;
			files = (
			);
			runOnlyForDeploymentPostprocessing = 0;
		};
		184653E12BFDEB8000DC6737 /* Resources */ = {
			isa = PBXResourcesBuildPhase;
			buildActionMask = 2147483647;
			files = (
			);
			runOnlyForDeploymentPostprocessing = 0;
		};
/* End PBXResourcesBuildPhase section */

/* Begin PBXSourcesBuildPhase section */
		184653C52BFDEB7D00DC6737 /* Sources */ = {
			isa = PBXSourcesBuildPhase;
			buildActionMask = 2147483647;
			files = (
				184653FD2BFDF72800DC6737 /* Appetizer.swift in Sources */,
				184654032BFED52700DC6737 /* APError.swift in Sources */,
				184654212BFF597B00DC6737 /* XDismissButton.swift in Sources */,
				184653FF2BFE0CFE00DC6737 /* AppetizerListCell.swift in Sources */,
				184654052BFEE4DD00DC6737 /* AppetizerListViewModel.swift in Sources */,
				1846540B2BFEFFDF00DC6737 /* Color+Ext.swift in Sources */,
				184653F92BFDEF6F00DC6737 /* AccountView.swift in Sources */,
				1846541F2BFF587C00DC6737 /* APButton.swift in Sources */,
				184654092BFEFE7300DC6737 /* LoadingView.swift in Sources */,
				184653F72BFDEF4B00DC6737 /* AppetizerListView.swift in Sources */,
				184654012BFED21B00DC6737 /* NetworkManager.swift in Sources */,
				1846540D2BFF0DEE00DC6737 /* RemoteImage.swift in Sources */,
				1846541C2BFF390F00DC6737 /* AppetizerDetailView.swift in Sources */,
				184653CF2BFDEB7D00DC6737 /* AppetizerTabView.swift in Sources */,
				184654072BFEE9F000DC6737 /* Alert.swift in Sources */,
				184653CD2BFDEB7D00DC6737 /* AppetizerApp.swift in Sources */,
				184653FB2BFDF0D000DC6737 /* OrderView.swift in Sources */,
			);
			runOnlyForDeploymentPostprocessing = 0;
		};
		184653D52BFDEB8000DC6737 /* Sources */ = {
			isa = PBXSourcesBuildPhase;
			buildActionMask = 2147483647;
			files = (
				184653DE2BFDEB8000DC6737 /* AppetizerTests.swift in Sources */,
			);
			runOnlyForDeploymentPostprocessing = 0;
		};
		184653DF2BFDEB8000DC6737 /* Sources */ = {
			isa = PBXSourcesBuildPhase;
			buildActionMask = 2147483647;
			files = (
				184653E82BFDEB8000DC6737 /* AppetizerUITests.swift in Sources */,
				184653EA2BFDEB8000DC6737 /* AppetizerUITestsLaunchTests.swift in Sources */,
			);
			runOnlyForDeploymentPostprocessing = 0;
		};
/* End PBXSourcesBuildPhase section */

/* Begin PBXTargetDependency section */
		184653DB2BFDEB8000DC6737 /* PBXTargetDependency */ = {
			isa = PBXTargetDependency;
			target = 184653C82BFDEB7D00DC6737 /* Appetizer */;
			targetProxy = 184653DA2BFDEB8000DC6737 /* PBXContainerItemProxy */;
		};
		184653E52BFDEB8000DC6737 /* PBXTargetDependency */ = {
			isa = PBXTargetDependency;
			target = 184653C82BFDEB7D00DC6737 /* Appetizer */;
			targetProxy = 184653E42BFDEB8000DC6737 /* PBXContainerItemProxy */;
		};
/* End PBXTargetDependency section */

/* Begin XCBuildConfiguration section */
		184653EB2BFDEB8000DC6737 /* Debug */ = {
			isa = XCBuildConfiguration;
			buildSettings = {
				ALWAYS_SEARCH_USER_PATHS = NO;
				CLANG_ANALYZER_NONNULL = YES;
				CLANG_ANALYZER_NUMBER_OBJECT_CONVERSION = YES_AGGRESSIVE;
				CLANG_CXX_LANGUAGE_STANDARD = "gnu++20";
				CLANG_ENABLE_MODULES = YES;
				CLANG_ENABLE_OBJC_ARC = YES;
				CLANG_ENABLE_OBJC_WEAK = YES;
				CLANG_WARN_BLOCK_CAPTURE_AUTORELEASING = YES;
				CLANG_WARN_BOOL_CONVERSION = YES;
				CLANG_WARN_COMMA = YES;
				CLANG_WARN_CONSTANT_CONVERSION = YES;
				CLANG_WARN_DEPRECATED_OBJC_IMPLEMENTATIONS = YES;
				CLANG_WARN_DIRECT_OBJC_ISA_USAGE = YES_ERROR;
				CLANG_WARN_DOCUMENTATION_COMMENTS = YES;
				CLANG_WARN_EMPTY_BODY = YES;
				CLANG_WARN_ENUM_CONVERSION = YES;
				CLANG_WARN_INFINITE_RECURSION = YES;
				CLANG_WARN_INT_CONVERSION = YES;
				CLANG_WARN_NON_LITERAL_NULL_CONVERSION = YES;
				CLANG_WARN_OBJC_IMPLICIT_RETAIN_SELF = YES;
				CLANG_WARN_OBJC_LITERAL_CONVERSION = YES;
				CLANG_WARN_OBJC_ROOT_CLASS = YES_ERROR;
				CLANG_WARN_QUOTED_INCLUDE_IN_FRAMEWORK_HEADER = YES;
				CLANG_WARN_RANGE_LOOP_ANALYSIS = YES;
				CLANG_WARN_STRICT_PROTOTYPES = YES;
				CLANG_WARN_SUSPICIOUS_MOVE = YES;
				CLANG_WARN_UNGUARDED_AVAILABILITY = YES_AGGRESSIVE;
				CLANG_WARN_UNREACHABLE_CODE = YES;
				CLANG_WARN__DUPLICATE_METHOD_MATCH = YES;
				COPY_PHASE_STRIP = NO;
				DEBUG_INFORMATION_FORMAT = dwarf;
				ENABLE_STRICT_OBJC_MSGSEND = YES;
				ENABLE_TESTABILITY = YES;
				GCC_C_LANGUAGE_STANDARD = gnu11;
				GCC_DYNAMIC_NO_PIC = NO;
				GCC_NO_COMMON_BLOCKS = YES;
				GCC_OPTIMIZATION_LEVEL = 0;
				GCC_PREPROCESSOR_DEFINITIONS = (
					"DEBUG=1",
					"$(inherited)",
				);
				GCC_WARN_64_TO_32_BIT_CONVERSION = YES;
				GCC_WARN_ABOUT_RETURN_TYPE = YES_ERROR;
				GCC_WARN_UNDECLARED_SELECTOR = YES;
				GCC_WARN_UNINITIALIZED_AUTOS = YES_AGGRESSIVE;
				GCC_WARN_UNUSED_FUNCTION = YES;
				GCC_WARN_UNUSED_VARIABLE = YES;
				IPHONEOS_DEPLOYMENT_TARGET = 16.2;
				MTL_ENABLE_DEBUG_INFO = INCLUDE_SOURCE;
				MTL_FAST_MATH = YES;
				ONLY_ACTIVE_ARCH = YES;
				SDKROOT = iphoneos;
				SWIFT_ACTIVE_COMPILATION_CONDITIONS = DEBUG;
				SWIFT_OPTIMIZATION_LEVEL = "-Onone";
			};
			name = Debug;
		};
		184653EC2BFDEB8000DC6737 /* Release */ = {
			isa = XCBuildConfiguration;
			buildSettings = {
				ALWAYS_SEARCH_USER_PATHS = NO;
				CLANG_ANALYZER_NONNULL = YES;
				CLANG_ANALYZER_NUMBER_OBJECT_CONVERSION = YES_AGGRESSIVE;
				CLANG_CXX_LANGUAGE_STANDARD = "gnu++20";
				CLANG_ENABLE_MODULES = YES;
				CLANG_ENABLE_OBJC_ARC = YES;
				CLANG_ENABLE_OBJC_WEAK = YES;
				CLANG_WARN_BLOCK_CAPTURE_AUTORELEASING = YES;
				CLANG_WARN_BOOL_CONVERSION = YES;
				CLANG_WARN_COMMA = YES;
				CLANG_WARN_CONSTANT_CONVERSION = YES;
				CLANG_WARN_DEPRECATED_OBJC_IMPLEMENTATIONS = YES;
				CLANG_WARN_DIRECT_OBJC_ISA_USAGE = YES_ERROR;
				CLANG_WARN_DOCUMENTATION_COMMENTS = YES;
				CLANG_WARN_EMPTY_BODY = YES;
				CLANG_WARN_ENUM_CONVERSION = YES;
				CLANG_WARN_INFINITE_RECURSION = YES;
				CLANG_WARN_INT_CONVERSION = YES;
				CLANG_WARN_NON_LITERAL_NULL_CONVERSION = YES;
				CLANG_WARN_OBJC_IMPLICIT_RETAIN_SELF = YES;
				CLANG_WARN_OBJC_LITERAL_CONVERSION = YES;
				CLANG_WARN_OBJC_ROOT_CLASS = YES_ERROR;
				CLANG_WARN_QUOTED_INCLUDE_IN_FRAMEWORK_HEADER = YES;
				CLANG_WARN_RANGE_LOOP_ANALYSIS = YES;
				CLANG_WARN_STRICT_PROTOTYPES = YES;
				CLANG_WARN_SUSPICIOUS_MOVE = YES;
				CLANG_WARN_UNGUARDED_AVAILABILITY = YES_AGGRESSIVE;
				CLANG_WARN_UNREACHABLE_CODE = YES;
				CLANG_WARN__DUPLICATE_METHOD_MATCH = YES;
				COPY_PHASE_STRIP = NO;
				DEBUG_INFORMATION_FORMAT = "dwarf-with-dsym";
				ENABLE_NS_ASSERTIONS = NO;
				ENABLE_STRICT_OBJC_MSGSEND = YES;
				GCC_C_LANGUAGE_STANDARD = gnu11;
				GCC_NO_COMMON_BLOCKS = YES;
				GCC_WARN_64_TO_32_BIT_CONVERSION = YES;
				GCC_WARN_ABOUT_RETURN_TYPE = YES_ERROR;
				GCC_WARN_UNDECLARED_SELECTOR = YES;
				GCC_WARN_UNINITIALIZED_AUTOS = YES_AGGRESSIVE;
				GCC_WARN_UNUSED_FUNCTION = YES;
				GCC_WARN_UNUSED_VARIABLE = YES;
				IPHONEOS_DEPLOYMENT_TARGET = 16.2;
				MTL_ENABLE_DEBUG_INFO = NO;
				MTL_FAST_MATH = YES;
				SDKROOT = iphoneos;
				SWIFT_COMPILATION_MODE = wholemodule;
				SWIFT_OPTIMIZATION_LEVEL = "-O";
				VALIDATE_PRODUCT = YES;
			};
			name = Release;
		};
		184653EE2BFDEB8000DC6737 /* Debug */ = {
			isa = XCBuildConfiguration;
			buildSettings = {
				ASSETCATALOG_COMPILER_APPICON_NAME = AppIcon;
				ASSETCATALOG_COMPILER_GLOBAL_ACCENT_COLOR_NAME = AccentColor;
				CODE_SIGN_STYLE = Automatic;
				CURRENT_PROJECT_VERSION = 1;
				DEVELOPMENT_ASSET_PATHS = "\"Appetizer/Preview Content\"";
				DEVELOPMENT_TEAM = 3328NBF499;
				ENABLE_PREVIEWS = YES;
				GENERATE_INFOPLIST_FILE = YES;
				INFOPLIST_KEY_UIApplicationSceneManifest_Generation = YES;
				INFOPLIST_KEY_UIApplicationSupportsIndirectInputEvents = YES;
				INFOPLIST_KEY_UILaunchScreen_Generation = YES;
				INFOPLIST_KEY_UISupportedInterfaceOrientations_iPad = "UIInterfaceOrientationPortrait UIInterfaceOrientationPortraitUpsideDown UIInterfaceOrientationLandscapeLeft UIInterfaceOrientationLandscapeRight";
				INFOPLIST_KEY_UISupportedInterfaceOrientations_iPhone = "UIInterfaceOrientationPortrait UIInterfaceOrientationLandscapeLeft UIInterfaceOrientationLandscapeRight";
				LD_RUNPATH_SEARCH_PATHS = (
					"$(inherited)",
					"@executable_path/Frameworks",
				);
				MARKETING_VERSION = 1.0;
				PRODUCT_BUNDLE_IDENTIFIER = com.peter.swift.Appetizer;
				PRODUCT_NAME = "$(TARGET_NAME)";
				SWIFT_EMIT_LOC_STRINGS = YES;
				SWIFT_VERSION = 5.0;
				TARGETED_DEVICE_FAMILY = "1,2";
			};
			name = Debug;
		};
		184653EF2BFDEB8000DC6737 /* Release */ = {
			isa = XCBuildConfiguration;
			buildSettings = {
				ASSETCATALOG_COMPILER_APPICON_NAME = AppIcon;
				ASSETCATALOG_COMPILER_GLOBAL_ACCENT_COLOR_NAME = AccentColor;
				CODE_SIGN_STYLE = Automatic;
				CURRENT_PROJECT_VERSION = 1;
				DEVELOPMENT_ASSET_PATHS = "\"Appetizer/Preview Content\"";
				DEVELOPMENT_TEAM = 3328NBF499;
				ENABLE_PREVIEWS = YES;
				GENERATE_INFOPLIST_FILE = YES;
				INFOPLIST_KEY_UIApplicationSceneManifest_Generation = YES;
				INFOPLIST_KEY_UIApplicationSupportsIndirectInputEvents = YES;
				INFOPLIST_KEY_UILaunchScreen_Generation = YES;
				INFOPLIST_KEY_UISupportedInterfaceOrientations_iPad = "UIInterfaceOrientationPortrait UIInterfaceOrientationPortraitUpsideDown UIInterfaceOrientationLandscapeLeft UIInterfaceOrientationLandscapeRight";
				INFOPLIST_KEY_UISupportedInterfaceOrientations_iPhone = "UIInterfaceOrientationPortrait UIInterfaceOrientationLandscapeLeft UIInterfaceOrientationLandscapeRight";
				LD_RUNPATH_SEARCH_PATHS = (
					"$(inherited)",
					"@executable_path/Frameworks",
				);
				MARKETING_VERSION = 1.0;
				PRODUCT_BUNDLE_IDENTIFIER = com.peter.swift.Appetizer;
				PRODUCT_NAME = "$(TARGET_NAME)";
				SWIFT_EMIT_LOC_STRINGS = YES;
				SWIFT_VERSION = 5.0;
				TARGETED_DEVICE_FAMILY = "1,2";
			};
			name = Release;
		};
		184653F12BFDEB8000DC6737 /* Debug */ = {
			isa = XCBuildConfiguration;
			buildSettings = {
				ALWAYS_EMBED_SWIFT_STANDARD_LIBRARIES = YES;
				BUNDLE_LOADER = "$(TEST_HOST)";
				CODE_SIGN_STYLE = Automatic;
				CURRENT_PROJECT_VERSION = 1;
				DEVELOPMENT_TEAM = 3328NBF499;
				GENERATE_INFOPLIST_FILE = YES;
				IPHONEOS_DEPLOYMENT_TARGET = 16.2;
				MARKETING_VERSION = 1.0;
				PRODUCT_BUNDLE_IDENTIFIER = com.peter.swift.AppetizerTests;
				PRODUCT_NAME = "$(TARGET_NAME)";
				SWIFT_EMIT_LOC_STRINGS = NO;
				SWIFT_VERSION = 5.0;
				TARGETED_DEVICE_FAMILY = "1,2";
				TEST_HOST = "$(BUILT_PRODUCTS_DIR)/Appetizer.app/$(BUNDLE_EXECUTABLE_FOLDER_PATH)/Appetizer";
			};
			name = Debug;
		};
		184653F22BFDEB8000DC6737 /* Release */ = {
			isa = XCBuildConfiguration;
			buildSettings = {
				ALWAYS_EMBED_SWIFT_STANDARD_LIBRARIES = YES;
				BUNDLE_LOADER = "$(TEST_HOST)";
				CODE_SIGN_STYLE = Automatic;
				CURRENT_PROJECT_VERSION = 1;
				DEVELOPMENT_TEAM = 3328NBF499;
				GENERATE_INFOPLIST_FILE = YES;
				IPHONEOS_DEPLOYMENT_TARGET = 16.2;
				MARKETING_VERSION = 1.0;
				PRODUCT_BUNDLE_IDENTIFIER = com.peter.swift.AppetizerTests;
				PRODUCT_NAME = "$(TARGET_NAME)";
				SWIFT_EMIT_LOC_STRINGS = NO;
				SWIFT_VERSION = 5.0;
				TARGETED_DEVICE_FAMILY = "1,2";
				TEST_HOST = "$(BUILT_PRODUCTS_DIR)/Appetizer.app/$(BUNDLE_EXECUTABLE_FOLDER_PATH)/Appetizer";
			};
			name = Release;
		};
		184653F42BFDEB8000DC6737 /* Debug */ = {
			isa = XCBuildConfiguration;
			buildSettings = {
				ALWAYS_EMBED_SWIFT_STANDARD_LIBRARIES = YES;
				CODE_SIGN_STYLE = Automatic;
				CURRENT_PROJECT_VERSION = 1;
				DEVELOPMENT_TEAM = 3328NBF499;
				GENERATE_INFOPLIST_FILE = YES;
				MARKETING_VERSION = 1.0;
				PRODUCT_BUNDLE_IDENTIFIER = com.peter.swift.AppetizerUITests;
				PRODUCT_NAME = "$(TARGET_NAME)";
				SWIFT_EMIT_LOC_STRINGS = NO;
				SWIFT_VERSION = 5.0;
				TARGETED_DEVICE_FAMILY = "1,2";
				TEST_TARGET_NAME = Appetizer;
			};
			name = Debug;
		};
		184653F52BFDEB8000DC6737 /* Release */ = {
			isa = XCBuildConfiguration;
			buildSettings = {
				ALWAYS_EMBED_SWIFT_STANDARD_LIBRARIES = YES;
				CODE_SIGN_STYLE = Automatic;
				CURRENT_PROJECT_VERSION = 1;
				DEVELOPMENT_TEAM = 3328NBF499;
				GENERATE_INFOPLIST_FILE = YES;
				MARKETING_VERSION = 1.0;
				PRODUCT_BUNDLE_IDENTIFIER = com.peter.swift.AppetizerUITests;
				PRODUCT_NAME = "$(TARGET_NAME)";
				SWIFT_EMIT_LOC_STRINGS = NO;
				SWIFT_VERSION = 5.0;
				TARGETED_DEVICE_FAMILY = "1,2";
				TEST_TARGET_NAME = Appetizer;
			};
			name = Release;
		};
/* End XCBuildConfiguration section */

/* Begin XCConfigurationList section */
		184653C42BFDEB7D00DC6737 /* Build configuration list for PBXProject "Appetizer" */ = {
			isa = XCConfigurationList;
			buildConfigurations = (
				184653EB2BFDEB8000DC6737 /* Debug */,
				184653EC2BFDEB8000DC6737 /* Release */,
			);
			defaultConfigurationIsVisible = 0;
			defaultConfigurationName = Release;
		};
		184653ED2BFDEB8000DC6737 /* Build configuration list for PBXNativeTarget "Appetizer" */ = {
			isa = XCConfigurationList;
			buildConfigurations = (
				184653EE2BFDEB8000DC6737 /* Debug */,
				184653EF2BFDEB8000DC6737 /* Release */,
			);
			defaultConfigurationIsVisible = 0;
			defaultConfigurationName = Release;
		};
		184653F02BFDEB8000DC6737 /* Build configuration list for PBXNativeTarget "AppetizerTests" */ = {
			isa = XCConfigurationList;
			buildConfigurations = (
				184653F12BFDEB8000DC6737 /* Debug */,
				184653F22BFDEB8000DC6737 /* Release */,
			);
			defaultConfigurationIsVisible = 0;
			defaultConfigurationName = Release;
		};
		184653F32BFDEB8000DC6737 /* Build configuration list for PBXNativeTarget "AppetizerUITests" */ = {
			isa = XCConfigurationList;
			buildConfigurations = (
				184653F42BFDEB8000DC6737 /* Debug */,
				184653F52BFDEB8000DC6737 /* Release */,
			);
			defaultConfigurationIsVisible = 0;
			defaultConfigurationName = Release;
		};
/* End XCConfigurationList section */
	};
	rootObject = 184653C12BFDEB7D00DC6737 /* Project object */;
}
